
Microsoft Visual Studio Solution File, Format Version 10.00
# Visual Studio 2008
Project("{FAE04EC0-301F-11D3-BF4B-00C04F79EFBC}") = "CoverDiff", "CoverDiff\CoverDiff.csproj", "{76CB12B5-11DC-42C8-AE20-21C9A0302447}"
EndProject
Global
	GlobalSection(SolutionConfigurationPlatforms) = preSolution
		Debug|Any CPU = Debug|Any CPU
		Release|Any CPU = Release|Any CPU
	EndGlobalSection
	GlobalSection(ProjectConfigurationPlatforms) = postSolution
		{76CB12B5-11DC-42C8-AE20-21C9A0302447}.Debug|Any CPU.ActiveCfg = Debug|Any CPU
		{76CB12B5-11DC-42C8-AE20-21C9A0302447}.Debug|Any CPU.Build.0 = Debug|Any CPU
		{76CB12B5-11DC-42C8-AE20-21C9A0302447}.Release|Any CPU.ActiveCfg = Release|Any CPU
		{76CB12B5-11DC-42C8-AE20-21C9A0302447}.Release|Any CPU.Build.0 = Release|Any CPU
	EndGlobalSection
	GlobalSection(SolutionProperties) = preSolution
		HideSolutionNode = FALSE
	EndGlobalSection
EndGlobal
